Microsoft Visual Studio Solution File, Format Version 12.00
# Visual Studio Version 17
VisualStudioVersion = 17.5.2.0
MinimumVisualStudioVersion = 10.0.40219.1
Project("{FAE04EC0-301F-11D3-BF4B-00C04F79EFBC}") = "DreamDay", "DreamDay\DreamDay.csproj", "{C8A1ADAB-81A3-05D5-5998-E62D4446990A}"
EndProject
Global
	GlobalSection(SolutionConfigurationPlatforms) = preSolution
		Debug|Any CPU = Debug|Any CPU
		Release|Any CPU = Release|Any CPU
	EndGlobalSection
	GlobalSection(ProjectConfigurationPlatforms) = postSolution
		{C8A1ADAB-81A3-05D5-5998-E62D4446990A}.Debug|Any CPU.ActiveCfg = Debug|Any CPU
		{C8A1ADAB-81A3-05D5-5998-E62D4446990A}.Debug|Any CPU.Build.0 = Debug|Any CPU
		{C8A1ADAB-81A3-05D5-5998-E62D4446990A}.Release|Any CPU.ActiveCfg = Release|Any CPU
		{C8A1ADAB-81A3-05D5-5998-E62D4446990A}.Release|Any CPU.Build.0 = Release|Any CPU
	EndGlobalSection
	GlobalSection(SolutionProperties) = preSolution
		HideSolutionNode = FALSE
	EndGlobalSection
	GlobalSection(ExtensibilityGlobals) = postSolution
		SolutionGuid = {EC002059-7F7F-4123-A62E-054ECFC59976}
	EndGlobalSection
EndGlobal
